
Microsoft Visual Studio Solution File, Format Version 12.00
# Visual Studio Version 17
VisualStudioVersion = 17.6.33815.320
MinimumVisualStudioVersion = 10.0.40219.1
Project("{FAE04EC0-301F-11D3-BF4B-00C04F79EFBC}") = "PS28709_QuanBIchVan_Lab2", "PS28709_QuanBIchVan_Lab2.csproj", "{DAC40B5B-914E-4A47-BD09-7E1292894F65}"
EndProject
Global
	GlobalSection(SolutionConfigurationPlatforms) = preSolution
		Debug|Any CPU = Debug|Any CPU
		Release|Any CPU = Release|Any CPU
	EndGlobalSection
	GlobalSection(ProjectConfigurationPlatforms) = postSolution
		{DAC40B5B-914E-4A47-BD09-7E1292894F65}.Debug|Any CPU.ActiveCfg = Debug|Any CPU
		{DAC40B5B-914E-4A47-BD09-7E1292894F65}.Debug|Any CPU.Build.0 = Debug|Any CPU
		{DAC40B5B-914E-4A47-BD09-7E1292894F65}.Release|Any CPU.ActiveCfg = Release|Any CPU
		{DAC40B5B-914E-4A47-BD09-7E1292894F65}.Release|Any CPU.Build.0 = Release|Any CPU
	EndGlobalSection
	GlobalSection(SolutionProperties) = preSolution
		HideSolutionNode = FALSE
	EndGlobalSection
	GlobalSection(ExtensibilityGlobals) = postSolution
		SolutionGuid = {3BA10973-23A5-4D6C-9FA5-67E361F61F91}
	EndGlobalSection
EndGlobal
