
Microsoft Visual Studio Solution File, Format Version 12.00
# Visual Studio Version 17
VisualStudioVersion = 17.6.33829.357
MinimumVisualStudioVersion = 10.0.40219.1
Project("{FAE04EC0-301F-11D3-BF4B-00C04F79EFBC}") = "PS28709_Lab3_2", "PS28709_Lab3_2\PS28709_Lab3_2.csproj", "{6DFC397A-8CDF-4CE7-952F-1A88F0BE3C26}"
EndProject
Global
	GlobalSection(SolutionConfigurationPlatforms) = preSolution
		Debug|Any CPU = Debug|Any CPU
		Release|Any CPU = Release|Any CPU
	EndGlobalSection
	GlobalSection(ProjectConfigurationPlatforms) = postSolution
		{6DFC397A-8CDF-4CE7-952F-1A88F0BE3C26}.Debug|Any CPU.ActiveCfg = Debug|Any CPU
		{6DFC397A-8CDF-4CE7-952F-1A88F0BE3C26}.Debug|Any CPU.Build.0 = Debug|Any CPU
		{6DFC397A-8CDF-4CE7-952F-1A88F0BE3C26}.Release|Any CPU.ActiveCfg = Release|Any CPU
		{6DFC397A-8CDF-4CE7-952F-1A88F0BE3C26}.Release|Any CPU.Build.0 = Release|Any CPU
	EndGlobalSection
	GlobalSection(SolutionProperties) = preSolution
		HideSolutionNode = FALSE
	EndGlobalSection
	GlobalSection(ExtensibilityGlobals) = postSolution
		SolutionGuid = {D2735034-2C9C-41B0-AE5F-A1342D86CDD6}
	EndGlobalSection
EndGlobal
