
Microsoft Visual Studio Solution File, Format Version 12.00
# Visual Studio Version 17
VisualStudioVersion = 17.6.33815.320
MinimumVisualStudioVersion = 10.0.40219.1
Project("{FAE04EC0-301F-11D3-BF4B-00C04F79EFBC}") = "Lab1Cau3", "Lab1Cau3.csproj", "{15B564FF-5A9C-4665-A581-86CE561A58FC}"
EndProject
Global
	GlobalSection(SolutionConfigurationPlatforms) = preSolution
		Debug|Any CPU = Debug|Any CPU
		Release|Any CPU = Release|Any CPU
	EndGlobalSection
	GlobalSection(ProjectConfigurationPlatforms) = postSolution
		{15B564FF-5A9C-4665-A581-86CE561A58FC}.Debug|Any CPU.ActiveCfg = Debug|Any CPU
		{15B564FF-5A9C-4665-A581-86CE561A58FC}.Debug|Any CPU.Build.0 = Debug|Any CPU
		{15B564FF-5A9C-4665-A581-86CE561A58FC}.Release|Any CPU.ActiveCfg = Release|Any CPU
		{15B564FF-5A9C-4665-A581-86CE561A58FC}.Release|Any CPU.Build.0 = Release|Any CPU
	EndGlobalSection
	GlobalSection(SolutionProperties) = preSolution
		HideSolutionNode = FALSE
	EndGlobalSection
	GlobalSection(ExtensibilityGlobals) = postSolution
		SolutionGuid = {D339DA14-205B-48C3-8AD7-62E2E0D70844}
	EndGlobalSection
EndGlobal
